
Microsoft Visual Studio Solution File, Format Version 12.00
# Visual Studio Version 16
VisualStudioVersion = 16.0.33027.164
MinimumVisualStudioVersion = 10.0.40219.1
Project("{9A19103F-16F7-4668-BE54-9A1E7A4F7556}") = "JDex", "JDex.csproj", "{08B64439-DA3E-4DE9-9E46-EB08EF33420A}"
EndProject
Project("{9A19103F-16F7-4668-BE54-9A1E7A4F7556}") = "JDexTest", "JDexTest\JDexTest.csproj", "{0A7CE4E3-AB68-4EC5-A8F2-A1839A78751A}"
	ProjectSection(ProjectDependencies) = postProject
		{08B64439-DA3E-4DE9-9E46-EB08EF33420A} = {08B64439-DA3E-4DE9-9E46-EB08EF33420A}
	EndProjectSection
EndProject
Project("{9A19103F-16F7-4668-BE54-9A1E7A4F7556}") = "JDexExample", "JDexExample\JDexExample.csproj", "{FBAFC0E2-8200-4826-B079-36AEBD3F6B9C}"
EndProject
Global
	GlobalSection(SolutionConfigurationPlatforms) = preSolution
		Debug|Any CPU = Debug|Any CPU
		Release|Any CPU = Release|Any CPU
	EndGlobalSection
	GlobalSection(ProjectConfigurationPlatforms) = postSolution
		{08B64439-DA3E-4DE9-9E46-EB08EF33420A}.Debug|Any CPU.ActiveCfg = Debug|Any CPU
		{08B64439-DA3E-4DE9-9E46-EB08EF33420A}.Debug|Any CPU.Build.0 = Debug|Any CPU
		{08B64439-DA3E-4DE9-9E46-EB08EF33420A}.Release|Any CPU.ActiveCfg = Release|Any CPU
		{08B64439-DA3E-4DE9-9E46-EB08EF33420A}.Release|Any CPU.Build.0 = Release|Any CPU
		{0A7CE4E3-AB68-4EC5-A8F2-A1839A78751A}.Debug|Any CPU.ActiveCfg = Debug|Any CPU
		{0A7CE4E3-AB68-4EC5-A8F2-A1839A78751A}.Debug|Any CPU.Build.0 = Debug|Any CPU
		{0A7CE4E3-AB68-4EC5-A8F2-A1839A78751A}.Release|Any CPU.ActiveCfg = Release|Any CPU
		{0A7CE4E3-AB68-4EC5-A8F2-A1839A78751A}.Release|Any CPU.Build.0 = Release|Any CPU
		{FBAFC0E2-8200-4826-B079-36AEBD3F6B9C}.Debug|Any CPU.ActiveCfg = Debug|Any CPU
		{FBAFC0E2-8200-4826-B079-36AEBD3F6B9C}.Debug|Any CPU.Build.0 = Debug|Any CPU
		{FBAFC0E2-8200-4826-B079-36AEBD3F6B9C}.Release|Any CPU.ActiveCfg = Release|Any CPU
		{FBAFC0E2-8200-4826-B079-36AEBD3F6B9C}.Release|Any CPU.Build.0 = Release|Any CPU
	EndGlobalSection
	GlobalSection(SolutionProperties) = preSolution
		HideSolutionNode = FALSE
	EndGlobalSection
	GlobalSection(ExtensibilityGlobals) = postSolution
		SolutionGuid = {FBD2E3D4-9595-414B-BA02-1EC98924AF1A}
	EndGlobalSection
EndGlobal
